
Microsoft Visual Studio Solution File, Format Version 12.00
# Visual Studio Version 17
VisualStudioVersion = 17.11.35312.102
MinimumVisualStudioVersion = 10.0.40219.1
Project("{FAE04EC0-301F-11D3-BF4B-00C04F79EFBC}") = "MathiasVera_ExamenP1", "MathiasVera_ExamenP1\MathiasVera_ExamenP1.csproj", "{BC15A77F-D82B-4124-A593-939D31B98EC9}"
EndProject
Global
	GlobalSection(SolutionConfigurationPlatforms) = preSolution
		Debug|Any CPU = Debug|Any CPU
		Release|Any CPU = Release|Any CPU
	EndGlobalSection
	GlobalSection(ProjectConfigurationPlatforms) = postSolution
		{BC15A77F-D82B-4124-A593-939D31B98EC9}.Debug|Any CPU.ActiveCfg = Debug|Any CPU
		{BC15A77F-D82B-4124-A593-939D31B98EC9}.Debug|Any CPU.Build.0 = Debug|Any CPU
		{BC15A77F-D82B-4124-A593-939D31B98EC9}.Release|Any CPU.ActiveCfg = Release|Any CPU
		{BC15A77F-D82B-4124-A593-939D31B98EC9}.Release|Any CPU.Build.0 = Release|Any CPU
	EndGlobalSection
	GlobalSection(SolutionProperties) = preSolution
		HideSolutionNode = FALSE
	EndGlobalSection
	GlobalSection(ExtensibilityGlobals) = postSolution
		SolutionGuid = {D28672FD-27BE-4AB0-BD7C-85E03E1B87E2}
	EndGlobalSection
EndGlobal
